
Microsoft Visual Studio Solution File, Format Version 12.00
# Visual Studio Version 16
VisualStudioVersion = 16.0.31613.86
MinimumVisualStudioVersion = 10.0.40219.1
Project("{FAE04EC0-301F-11D3-BF4B-00C04F79EFBC}") = "DataAccess", "DataAccess\DataAccess.csproj", "{D7B1EA1E-9B39-4B49-A1DA-DA6FA9CF0BD2}"
EndProject
Project("{FAE04EC0-301F-11D3-BF4B-00C04F79EFBC}") = "Business", "Business\Business.csproj", "{E1B5760E-DAFC-45D6-8C70-3A78E82511E1}"
EndProject
Project("{FAE04EC0-301F-11D3-BF4B-00C04F79EFBC}") = "Entities", "Entities\Entities.csproj", "{95E8A54E-CD63-481A-9C29-0E8BC0297156}"
EndProject
Project("{FAE04EC0-301F-11D3-BF4B-00C04F79EFBC}") = "ConsoleUI", "ConsoleUI\ConsoleUI.csproj", "{6A6694EC-D218-4A11-A11E-67642A00C7FA}"
EndProject
Global
	GlobalSection(SolutionConfigurationPlatforms) = preSolution
		Debug|Any CPU = Debug|Any CPU
		Release|Any CPU = Release|Any CPU
	EndGlobalSection
	GlobalSection(ProjectConfigurationPlatforms) = postSolution
		{D7B1EA1E-9B39-4B49-A1DA-DA6FA9CF0BD2}.Debug|Any CPU.ActiveCfg = Debug|Any CPU
		{D7B1EA1E-9B39-4B49-A1DA-DA6FA9CF0BD2}.Debug|Any CPU.Build.0 = Debug|Any CPU
		{D7B1EA1E-9B39-4B49-A1DA-DA6FA9CF0BD2}.Release|Any CPU.ActiveCfg = Release|Any CPU
		{D7B1EA1E-9B39-4B49-A1DA-DA6FA9CF0BD2}.Release|Any CPU.Build.0 = Release|Any CPU
		{E1B5760E-DAFC-45D6-8C70-3A78E82511E1}.Debug|Any CPU.ActiveCfg = Debug|Any CPU
		{E1B5760E-DAFC-45D6-8C70-3A78E82511E1}.Debug|Any CPU.Build.0 = Debug|Any CPU
		{E1B5760E-DAFC-45D6-8C70-3A78E82511E1}.Release|Any CPU.ActiveCfg = Release|Any CPU
		{E1B5760E-DAFC-45D6-8C70-3A78E82511E1}.Release|Any CPU.Build.0 = Release|Any CPU
		{95E8A54E-CD63-481A-9C29-0E8BC0297156}.Debug|Any CPU.ActiveCfg = Debug|Any CPU
		{95E8A54E-CD63-481A-9C29-0E8BC0297156}.Debug|Any CPU.Build.0 = Debug|Any CPU
		{95E8A54E-CD63-481A-9C29-0E8BC0297156}.Release|Any CPU.ActiveCfg = Release|Any CPU
		{95E8A54E-CD63-481A-9C29-0E8BC0297156}.Release|Any CPU.Build.0 = Release|Any CPU
		{6A6694EC-D218-4A11-A11E-67642A00C7FA}.Debug|Any CPU.ActiveCfg = Debug|Any CPU
		{6A6694EC-D218-4A11-A11E-67642A00C7FA}.Debug|Any CPU.Build.0 = Debug|Any CPU
		{6A6694EC-D218-4A11-A11E-67642A00C7FA}.Release|Any CPU.ActiveCfg = Release|Any CPU
		{6A6694EC-D218-4A11-A11E-67642A00C7FA}.Release|Any CPU.Build.0 = Release|Any CPU
	EndGlobalSection
	GlobalSection(SolutionProperties) = preSolution
		HideSolutionNode = FALSE
	EndGlobalSection
	GlobalSection(ExtensibilityGlobals) = postSolution
		SolutionGuid = {81FB0CDF-E247-49C4-9D01-78506EBD0866}
	EndGlobalSection
EndGlobal
